
Microsoft Visual Studio Solution File, Format Version 12.00
# Visual Studio Version 16
VisualStudioVersion = 16.0.31129.286
MinimumVisualStudioVersion = 10.0.40219.1
Project("{FAE04EC0-301F-11D3-BF4B-00C04F79EFBC}") = "fDanhMuc", "fDanhMuc\fDanhMuc.csproj", "{DF058C78-AD6C-4220-AB4E-456216D615C8}"
EndProject
Global
	GlobalSection(SolutionConfigurationPlatforms) = preSolution
		Debug|Any CPU = Debug|Any CPU
		Release|Any CPU = Release|Any CPU
	EndGlobalSection
	GlobalSection(ProjectConfigurationPlatforms) = postSolution
		{DF058C78-AD6C-4220-AB4E-456216D615C8}.Debug|Any CPU.ActiveCfg = Debug|Any CPU
		{DF058C78-AD6C-4220-AB4E-456216D615C8}.Debug|Any CPU.Build.0 = Debug|Any CPU
		{DF058C78-AD6C-4220-AB4E-456216D615C8}.Release|Any CPU.ActiveCfg = Release|Any CPU
		{DF058C78-AD6C-4220-AB4E-456216D615C8}.Release|Any CPU.Build.0 = Release|Any CPU
	EndGlobalSection
	GlobalSection(SolutionProperties) = preSolution
		HideSolutionNode = FALSE
	EndGlobalSection
	GlobalSection(ExtensibilityGlobals) = postSolution
		SolutionGuid = {B4D15E15-44BD-4F74-A82B-03545191E99B}
	EndGlobalSection
EndGlobal
