
Microsoft Visual Studio Solution File, Format Version 12.00
# Visual Studio Version 16
VisualStudioVersion = 16.0.31129.286
MinimumVisualStudioVersion = 10.0.40219.1
Project("{9A19103F-16F7-4668-BE54-9A1E7A4F7556}") = "Pikachu", "form\Pikachu.csproj", "{891C14B6-3C61-416D-8827-94449AA9E876}"
EndProject
Global
	GlobalSection(SolutionConfigurationPlatforms) = preSolution
		Debug|Any CPU = Debug|Any CPU
		Release|Any CPU = Release|Any CPU
	EndGlobalSection
	GlobalSection(ProjectConfigurationPlatforms) = postSolution
		{891C14B6-3C61-416D-8827-94449AA9E876}.Debug|Any CPU.ActiveCfg = Debug|Any CPU
		{891C14B6-3C61-416D-8827-94449AA9E876}.Debug|Any CPU.Build.0 = Debug|Any CPU
		{891C14B6-3C61-416D-8827-94449AA9E876}.Release|Any CPU.ActiveCfg = Release|Any CPU
		{891C14B6-3C61-416D-8827-94449AA9E876}.Release|Any CPU.Build.0 = Release|Any CPU
	EndGlobalSection
	GlobalSection(SolutionProperties) = preSolution
		HideSolutionNode = FALSE
	EndGlobalSection
	GlobalSection(ExtensibilityGlobals) = postSolution
		SolutionGuid = {41BA4AF7-6487-4E62-B945-26C8F6D87E71}
	EndGlobalSection
EndGlobal
